# This file is autogenerated, do not edit; changes may be undone by the next 'dep ensure'.


[[projects]]
  branch = "master"
  name = "github.com/golang/protobuf"
  packages = ["proto"]
  revision = "0a4f71a498b7c4812f64969510bcb4eca251e33a"

[[projects]]
  branch = "master"
  name = "golang.org/x/net"
  packages = ["context"]
  revision = "f01ecb60fe3835d80d9a0b7b2bf24b228c89260e"

[[projects]]
  branch = "master"
  name = "google.golang.org/appengine"
  packages = [".","datastore","internal","internal/app_identity","internal/base","internal/datastore","internal/log","internal/modules","internal/remote_api","log"]
  revision = "ad2570cd3913654e00c5f0183b39d2f998e54046"

[solve-meta]
  analyzer-name = "dep"
  analyzer-version = 1
  inputs-digest = "4991f5f768e3a4d9f6cb8547e06a27e54508d40b416393ccbed9eee68c4a062d"
  solver-name = "gps-cdcl"
  solver-version = 1
